// !$*UTF8*$!
{
	archiveVersion = 1;
	classes = {
	};
	objectVersion = 55;
	objects = {

/* Begin PBXBuildFile section */
		24B555AD285A2CBE004690F5 /* App_Clip_WebSocket_TestApp.swift in Sources */ = {isa = PBXBuildFile; fileRef = 24B555AC285A2CBE004690F5 /* App_Clip_WebSocket_TestApp.swift */; };
		24B555AF285A2CBE004690F5 /* ContentView.swift in Sources */ = {isa = PBXBuildFile; fileRef = 24B555AE285A2CBE004690F5 /* ContentView.swift */; };
		24B555B1285A2CC1004690F5 /* Assets.xcassets in Resources */ = {isa = PBXBuildFile; fileRef = 24B555B0285A2CC1004690F5 /* Assets.xcassets */; };
		24B555B4285A2CC1004690F5 /* Preview Assets.xcassets in Resources */ = {isa = PBXBuildFile; fileRef = 24B555B3285A2CC1004690F5 /* Preview Assets.xcassets */; };
		24B555C1285A3344004690F5 /* WebSocket_Test_ClipApp.swift in Sources */ = {isa = PBXBuildFile; fileRef = 24B555C0285A3344004690F5 /* WebSocket_Test_ClipApp.swift */; };
		24B555C3285A3344004690F5 /* ContentView.swift in Sources */ = {isa = PBXBuildFile; fileRef = 24B555C2285A3344004690F5 /* ContentView.swift */; };
		24B555C5285A3346004690F5 /* Assets.xcassets in Resources */ = {isa = PBXBuildFile; fileRef = 24B555C4285A3346004690F5 /* Assets.xcassets */; };
		24B555C8285A3346004690F5 /* Preview Assets.xcassets in Resources */ = {isa = PBXBuildFile; fileRef = 24B555C7285A3346004690F5 /* Preview Assets.xcassets */; };
		24B555CD285A3346004690F5 /* WebSocket Test Clip.app in Embed App Clips */ = {isa = PBXBuildFile; fileRef = 24B555BE285A3344004690F5 /* WebSocket Test Clip.app */; settings = {ATTRIBUTES = (RemoveHeadersOnCopy, ); }; };
		24B555D3285A3369004690F5 /* SocketViewModel.swift in Sources */ = {isa = PBXBuildFile; fileRef = 24B555D2285A3369004690F5 /* SocketViewModel.swift */; };
		24B555D4285A337E004690F5 /* SocketViewModel.swift in Sources */ = {isa = PBXBuildFile; fileRef = 24B555D2285A3369004690F5 /* SocketViewModel.swift */; };
/* End PBXBuildFile section */

/* Begin PBXContainerItemProxy section */
		24B555CB285A3346004690F5 /* PBXContainerItemProxy */ = {
			isa = PBXContainerItemProxy;
			containerPortal = 24B555A1285A2CBE004690F5 /* Project object */;
			proxyType = 1;
			remoteGlobalIDString = 24B555BD285A3344004690F5;
			remoteInfo = "WebSocket Test Clip";
		};
/* End PBXContainerItemProxy section */

/* Begin PBXCopyFilesBuildPhase section */
		24B555D1285A3346004690F5 /* Embed App Clips */ = {
			isa = PBXCopyFilesBuildPhase;
			buildActionMask = 2147483647;
			dstPath = "$(CONTENTS_FOLDER_PATH)/AppClips";
			dstSubfolderSpec = 16;
			files = (
				24B555CD285A3346004690F5 /* WebSocket Test Clip.app in Embed App Clips */,
			);
			name = "Embed App Clips";
			runOnlyForDeploymentPostprocessing = 0;
		};
/* End PBXCopyFilesBuildPhase section */

/* Begin PBXFileReference section */
		24B555A9285A2CBE004690F5 /* App-Clip-WebSocket-Test.app */ = {isa = PBXFileReference; explicitFileType = wrapper.application; includeInIndex = 0; path = "App-Clip-WebSocket-Test.app"; sourceTree = BUILT_PRODUCTS_DIR; };
		24B555AC285A2CBE004690F5 /* App_Clip_WebSocket_TestApp.swift */ = {isa = PBXFileReference; lastKnownFileType = sourcecode.swift; path = App_Clip_WebSocket_TestApp.swift; sourceTree = "<group>"; };
		24B555AE285A2CBE004690F5 /* ContentView.swift */ = {isa = PBXFileReference; lastKnownFileType = sourcecode.swift; path = ContentView.swift; sourceTree = "<group>"; };
		24B555B0285A2CC1004690F5 /* Assets.xcassets */ = {isa = PBXFileReference; lastKnownFileType = folder.assetcatalog; path = Assets.xcassets; sourceTree = "<group>"; };
		24B555B3285A2CC1004690F5 /* Preview Assets.xcassets */ = {isa = PBXFileReference; lastKnownFileType = folder.assetcatalog; path = "Preview Assets.xcassets"; sourceTree = "<group>"; };
		24B555BE285A3344004690F5 /* WebSocket Test Clip.app */ = {isa = PBXFileReference; explicitFileType = wrapper.application; includeInIndex = 0; path = "WebSocket Test Clip.app"; sourceTree = BUILT_PRODUCTS_DIR; };
		24B555C0285A3344004690F5 /* WebSocket_Test_ClipApp.swift */ = {isa = PBXFileReference; lastKnownFileType = sourcecode.swift; path = WebSocket_Test_ClipApp.swift; sourceTree = "<group>"; };
		24B555C2285A3344004690F5 /* ContentView.swift */ = {isa = PBXFileReference; lastKnownFileType = sourcecode.swift; path = ContentView.swift; sourceTree = "<group>"; };
		24B555C4285A3346004690F5 /* Assets.xcassets */ = {isa = PBXFileReference; lastKnownFileType = folder.assetcatalog; path = Assets.xcassets; sourceTree = "<group>"; };
		24B555C7285A3346004690F5 /* Preview Assets.xcassets */ = {isa = PBXFileReference; lastKnownFileType = folder.assetcatalog; path = "Preview Assets.xcassets"; sourceTree = "<group>"; };
		24B555C9285A3346004690F5 /* Info.plist */ = {isa = PBXFileReference; lastKnownFileType = text.plist.xml; path = Info.plist; sourceTree = "<group>"; };
		24B555CA285A3346004690F5 /* WebSocket_Test_Clip.entitlements */ = {isa = PBXFileReference; lastKnownFileType = text.plist.entitlements; path = WebSocket_Test_Clip.entitlements; sourceTree = "<group>"; };
		24B555D2285A3369004690F5 /* SocketViewModel.swift */ = {isa = PBXFileReference; lastKnownFileType = sourcecode.swift; path = SocketViewModel.swift; sourceTree = "<group>"; };
/* End PBXFileReference section */

/* Begin PBXFrameworksBuildPhase section */
		24B555A6285A2CBE004690F5 /* Frameworks */ = {
			isa = PBXFrameworksBuildPhase;
			buildActionMask = 2147483647;
			files = (
			);
			runOnlyForDeploymentPostprocessing = 0;
		};
		24B555BB285A3344004690F5 /* Frameworks */ = {
			isa = PBXFrameworksBuildPhase;
			buildActionMask = 2147483647;
			files = (
			);
			runOnlyForDeploymentPostprocessing = 0;
		};
/* End PBXFrameworksBuildPhase section */

/* Begin PBXGroup section */
		24B555A0285A2CBE004690F5 = {
			isa = PBXGroup;
			children = (
				24B555D2285A3369004690F5 /* SocketViewModel.swift */,
				24B555AB285A2CBE004690F5 /* App-Clip-WebSocket-Test */,
				24B555BF285A3344004690F5 /* WebSocket Test Clip */,
				24B555AA285A2CBE004690F5 /* Products */,
			);
			sourceTree = "<group>";
		};
		24B555AA285A2CBE004690F5 /* Products */ = {
			isa = PBXGroup;
			children = (
				24B555A9285A2CBE004690F5 /* App-Clip-WebSocket-Test.app */,
				24B555BE285A3344004690F5 /* WebSocket Test Clip.app */,
			);
			name = Products;
			sourceTree = "<group>";
		};
		24B555AB285A2CBE004690F5 /* App-Clip-WebSocket-Test */ = {
			isa = PBXGroup;
			children = (
				24B555AC285A2CBE004690F5 /* App_Clip_WebSocket_TestApp.swift */,
				24B555AE285A2CBE004690F5 /* ContentView.swift */,
				24B555B0285A2CC1004690F5 /* Assets.xcassets */,
				24B555B2285A2CC1004690F5 /* Preview Content */,
			);
			path = "App-Clip-WebSocket-Test";
			sourceTree = "<group>";
		};
		24B555B2285A2CC1004690F5 /* Preview Content */ = {
			isa = PBXGroup;
			children = (
				24B555B3285A2CC1004690F5 /* Preview Assets.xcassets */,
			);
			path = "Preview Content";
			sourceTree = "<group>";
		};
		24B555BF285A3344004690F5 /* WebSocket Test Clip */ = {
			isa = PBXGroup;
			children = (
				24B555C0285A3344004690F5 /* WebSocket_Test_ClipApp.swift */,
				24B555C2285A3344004690F5 /* ContentView.swift */,
				24B555C4285A3346004690F5 /* Assets.xcassets */,
				24B555C9285A3346004690F5 /* Info.plist */,
				24B555CA285A3346004690F5 /* WebSocket_Test_Clip.entitlements */,
				24B555C6285A3346004690F5 /* Preview Content */,
			);
			path = "WebSocket Test Clip";
			sourceTree = "<group>";
		};
		24B555C6285A3346004690F5 /* Preview Content */ = {
			isa = PBXGroup;
			children = (
				24B555C7285A3346004690F5 /* Preview Assets.xcassets */,
			);
			path = "Preview Content";
			sourceTree = "<group>";
		};
/* End PBXGroup section */

/* Begin PBXNativeTarget section */
		24B555A8285A2CBE004690F5 /* App-Clip-WebSocket-Test */ = {
			isa = PBXNativeTarget;
			buildConfigurationList = 24B555B7285A2CC1004690F5 /* Build configuration list for PBXNativeTarget "App-Clip-WebSocket-Test" */;
			buildPhases = (
				24B555A5285A2CBE004690F5 /* Sources */,
				24B555A6285A2CBE004690F5 /* Frameworks */,
				24B555A7285A2CBE004690F5 /* Resources */,
				24B555D1285A3346004690F5 /* Embed App Clips */,
			);
			buildRules = (
			);
			dependencies = (
				24B555CC285A3346004690F5 /* PBXTargetDependency */,
			);
			name = "App-Clip-WebSocket-Test";
			productName = "App-Clip-WebSocket-Test";
			productReference = 24B555A9285A2CBE004690F5 /* App-Clip-WebSocket-Test.app */;
			productType = "com.apple.product-type.application";
		};
		24B555BD285A3344004690F5 /* WebSocket Test Clip */ = {
			isa = PBXNativeTarget;
			buildConfigurationList = 24B555CE285A3346004690F5 /* Build configuration list for PBXNativeTarget "WebSocket Test Clip" */;
			buildPhases = (
				24B555BA285A3344004690F5 /* Sources */,
				24B555BB285A3344004690F5 /* Frameworks */,
				24B555BC285A3344004690F5 /* Resources */,
			);
			buildRules = (
			);
			dependencies = (
			);
			name = "WebSocket Test Clip";
			productName = "WebSocket Test Clip";
			productReference = 24B555BE285A3344004690F5 /* WebSocket Test Clip.app */;
			productType = "com.apple.product-type.application.on-demand-install-capable";
		};
/* End PBXNativeTarget section */

/* Begin PBXProject section */
		24B555A1285A2CBE004690F5 /* Project object */ = {
			isa = PBXProject;
			attributes = {
				BuildIndependentTargetsInParallel = 1;
				LastSwiftUpdateCheck = 1340;
				LastUpgradeCheck = 1340;
				TargetAttributes = {
					24B555A8285A2CBE004690F5 = {
						CreatedOnToolsVersion = 13.4.1;
					};
					24B555BD285A3344004690F5 = {
						CreatedOnToolsVersion = 13.4.1;
					};
				};
			};
			buildConfigurationList = 24B555A4285A2CBE004690F5 /* Build configuration list for PBXProject "App-Clip-WebSocket-Test" */;
			compatibilityVersion = "Xcode 13.0";
			developmentRegion = en;
			hasScannedForEncodings = 0;
			knownRegions = (
				en,
				Base,
			);
			mainGroup = 24B555A0285A2CBE004690F5;
			productRefGroup = 24B555AA285A2CBE004690F5 /* Products */;
			projectDirPath = "";
			projectRoot = "";
			targets = (
				24B555A8285A2CBE004690F5 /* App-Clip-WebSocket-Test */,
				24B555BD285A3344004690F5 /* WebSocket Test Clip */,
			);
		};
/* End PBXProject section */

/* Begin PBXResourcesBuildPhase section */
		24B555A7285A2CBE004690F5 /* Resources */ = {
			isa = PBXResourcesBuildPhase;
			buildActionMask = 2147483647;
			files = (
				24B555B4285A2CC1004690F5 /* Preview Assets.xcassets in Resources */,
				24B555B1285A2CC1004690F5 /* Assets.xcassets in Resources */,
			);
			runOnlyForDeploymentPostprocessing = 0;
		};
		24B555BC285A3344004690F5 /* Resources */ = {
			isa = PBXResourcesBuildPhase;
			buildActionMask = 2147483647;
			files = (
				24B555C8285A3346004690F5 /* Preview Assets.xcassets in Resources */,
				24B555C5285A3346004690F5 /* Assets.xcassets in Resources */,
			);
			runOnlyForDeploymentPostprocessing = 0;
		};
/* End PBXResourcesBuildPhase section */

/* Begin PBXSourcesBuildPhase section */
		24B555A5285A2CBE004690F5 /* Sources */ = {
			isa = PBXSourcesBuildPhase;
			buildActionMask = 2147483647;
			files = (
				24B555AF285A2CBE004690F5 /* ContentView.swift in Sources */,
				24B555D3285A3369004690F5 /* SocketViewModel.swift in Sources */,
				24B555AD285A2CBE004690F5 /* App_Clip_WebSocket_TestApp.swift in Sources */,
			);
			runOnlyForDeploymentPostprocessing = 0;
		};
		24B555BA285A3344004690F5 /* Sources */ = {
			isa = PBXSourcesBuildPhase;
			buildActionMask = 2147483647;
			files = (
				24B555C3285A3344004690F5 /* ContentView.swift in Sources */,
				24B555D4285A337E004690F5 /* SocketViewModel.swift in Sources */,
				24B555C1285A3344004690F5 /* WebSocket_Test_ClipApp.swift in Sources */,
			);
			runOnlyForDeploymentPostprocessing = 0;
		};
/* End PBXSourcesBuildPhase section */

/* Begin PBXTargetDependency section */
		24B555CC285A3346004690F5 /* PBXTargetDependency */ = {
			isa = PBXTargetDependency;
			target = 24B555BD285A3344004690F5 /* WebSocket Test Clip */;
			targetProxy = 24B555CB285A3346004690F5 /* PBXContainerItemProxy */;
		};
/* End PBXTargetDependency section */

/* Begin XCBuildConfiguration section */
		24B555B5285A2CC1004690F5 /* Debug */ = {
			isa = XCBuildConfiguration;
			buildSettings = {
				ALWAYS_SEARCH_USER_PATHS = NO;
				CLANG_ANALYZER_NONNULL = YES;
				CLANG_ANALYZER_NUMBER_OBJECT_CONVERSION = YES_AGGRESSIVE;
				CLANG_CXX_LANGUAGE_STANDARD = "gnu++17";
				CLANG_ENABLE_MODULES = YES;
				CLANG_ENABLE_OBJC_ARC = YES;
				CLANG_ENABLE_OBJC_WEAK = YES;
				CLANG_WARN_BLOCK_CAPTURE_AUTORELEASING = YES;
				CLANG_WARN_BOOL_CONVERSION = YES;
				CLANG_WARN_COMMA = YES;
				CLANG_WARN_CONSTANT_CONVERSION = YES;
				CLANG_WARN_DEPRECATED_OBJC_IMPLEMENTATIONS = YES;
				CLANG_WARN_DIRECT_OBJC_ISA_USAGE = YES_ERROR;
				CLANG_WARN_DOCUMENTATION_COMMENTS = YES;
				CLANG_WARN_EMPTY_BODY = YES;
				CLANG_WARN_ENUM_CONVERSION = YES;
				CLANG_WARN_INFINITE_RECURSION = YES;
				CLANG_WARN_INT_CONVERSION = YES;
				CLANG_WARN_NON_LITERAL_NULL_CONVERSION = YES;
				CLANG_WARN_OBJC_IMPLICIT_RETAIN_SELF = YES;
				CLANG_WARN_OBJC_LITERAL_CONVERSION = YES;
				CLANG_WARN_OBJC_ROOT_CLASS = YES_ERROR;
				CLANG_WARN_QUOTED_INCLUDE_IN_FRAMEWORK_HEADER = YES;
				CLANG_WARN_RANGE_LOOP_ANALYSIS = YES;
				CLANG_WARN_STRICT_PROTOTYPES = YES;
				CLANG_WARN_SUSPICIOUS_MOVE = YES;
				CLANG_WARN_UNGUARDED_AVAILABILITY = YES_AGGRESSIVE;
				CLANG_WARN_UNREACHABLE_CODE = YES;
				CLANG_WARN__DUPLICATE_METHOD_MATCH = YES;
				COPY_PHASE_STRIP = NO;
				DEBUG_INFORMATION_FORMAT = dwarf;
				ENABLE_STRICT_OBJC_MSGSEND = YES;
				ENABLE_TESTABILITY = YES;
				GCC_C_LANGUAGE_STANDARD = gnu11;
				GCC_DYNAMIC_NO_PIC = NO;
				GCC_NO_COMMON_BLOCKS = YES;
				GCC_OPTIMIZATION_LEVEL = 0;
				GCC_PREPROCESSOR_DEFINITIONS = (
					"DEBUG=1",
					"$(inherited)",
				);
				GCC_WARN_64_TO_32_BIT_CONVERSION = YES;
				GCC_WARN_ABOUT_RETURN_TYPE = YES_ERROR;
				GCC_WARN_UNDECLARED_SELECTOR = YES;
				GCC_WARN_UNINITIALIZED_AUTOS = YES_AGGRESSIVE;
				GCC_WARN_UNUSED_FUNCTION = YES;
				GCC_WARN_UNUSED_VARIABLE = YES;
				IPHONEOS_DEPLOYMENT_TARGET = 15.5;
				MTL_ENABLE_DEBUG_INFO = INCLUDE_SOURCE;
				MTL_FAST_MATH = YES;
				ONLY_ACTIVE_ARCH = YES;
				SDKROOT = iphoneos;
				SWIFT_ACTIVE_COMPILATION_CONDITIONS = DEBUG;
				SWIFT_OPTIMIZATION_LEVEL = "-Onone";
			};
			name = Debug;
		};
		24B555B6285A2CC1004690F5 /* Release */ = {
			isa = XCBuildConfiguration;
			buildSettings = {
				ALWAYS_SEARCH_USER_PATHS = NO;
				CLANG_ANALYZER_NONNULL = YES;
				CLANG_ANALYZER_NUMBER_OBJECT_CONVERSION = YES_AGGRESSIVE;
				CLANG_CXX_LANGUAGE_STANDARD = "gnu++17";
				CLANG_ENABLE_MODULES = YES;
				CLANG_ENABLE_OBJC_ARC = YES;
				CLANG_ENABLE_OBJC_WEAK = YES;
				CLANG_WARN_BLOCK_CAPTURE_AUTORELEASING = YES;
				CLANG_WARN_BOOL_CONVERSION = YES;
				CLANG_WARN_COMMA = YES;
				CLANG_WARN_CONSTANT_CONVERSION = YES;
				CLANG_WARN_DEPRECATED_OBJC_IMPLEMENTATIONS = YES;
				CLANG_WARN_DIRECT_OBJC_ISA_USAGE = YES_ERROR;
				CLANG_WARN_DOCUMENTATION_COMMENTS = YES;
				CLANG_WARN_EMPTY_BODY = YES;
				CLANG_WARN_ENUM_CONVERSION = YES;
				CLANG_WARN_INFINITE_RECURSION = YES;
				CLANG_WARN_INT_CONVERSION = YES;
				CLANG_WARN_NON_LITERAL_NULL_CONVERSION = YES;
				CLANG_WARN_OBJC_IMPLICIT_RETAIN_SELF = YES;
				CLANG_WARN_OBJC_LITERAL_CONVERSION = YES;
				CLANG_WARN_OBJC_ROOT_CLASS = YES_ERROR;
				CLANG_WARN_QUOTED_INCLUDE_IN_FRAMEWORK_HEADER = YES;
				CLANG_WARN_RANGE_LOOP_ANALYSIS = YES;
				CLANG_WARN_STRICT_PROTOTYPES = YES;
				CLANG_WARN_SUSPICIOUS_MOVE = YES;
				CLANG_WARN_UNGUARDED_AVAILABILITY = YES_AGGRESSIVE;
				CLANG_WARN_UNREACHABLE_CODE = YES;
				CLANG_WARN__DUPLICATE_METHOD_MATCH = YES;
				COPY_PHASE_STRIP = NO;
				DEBUG_INFORMATION_FORMAT = "dwarf-with-dsym";
				ENABLE_NS_ASSERTIONS = NO;
				ENABLE_STRICT_OBJC_MSGSEND = YES;
				GCC_C_LANGUAGE_STANDARD = gnu11;
				GCC_NO_COMMON_BLOCKS = YES;
				GCC_WARN_64_TO_32_BIT_CONVERSION = YES;
				GCC_WARN_ABOUT_RETURN_TYPE = YES_ERROR;
				GCC_WARN_UNDECLARED_SELECTOR = YES;
				GCC_WARN_UNINITIALIZED_AUTOS = YES_AGGRESSIVE;
				GCC_WARN_UNUSED_FUNCTION = YES;
				GCC_WARN_UNUSED_VARIABLE = YES;
				IPHONEOS_DEPLOYMENT_TARGET = 15.5;
				MTL_ENABLE_DEBUG_INFO = NO;
				MTL_FAST_MATH = YES;
				SDKROOT = iphoneos;
				SWIFT_COMPILATION_MODE = wholemodule;
				SWIFT_OPTIMIZATION_LEVEL = "-O";
				VALIDATE_PRODUCT = YES;
			};
			name = Release;
		};
		24B555B8285A2CC1004690F5 /* Debug */ = {
			isa = XCBuildConfiguration;
			buildSettings = {
				ALWAYS_EMBED_SWIFT_STANDARD_LIBRARIES = YES;
				ASSETCATALOG_COMPILER_APPICON_NAME = AppIcon;
				ASSETCATALOG_COMPILER_GLOBAL_ACCENT_COLOR_NAME = AccentColor;
				CODE_SIGN_STYLE = Automatic;
				CURRENT_PROJECT_VERSION = 1;
				DEVELOPMENT_ASSET_PATHS = "\"App-Clip-WebSocket-Test/Preview Content\"";
				DEVELOPMENT_TEAM = TKVMG44U5W;
				ENABLE_PREVIEWS = YES;
				GENERATE_INFOPLIST_FILE = YES;
				INFOPLIST_KEY_UIApplicationSceneManifest_Generation = YES;
				INFOPLIST_KEY_UIApplicationSupportsIndirectInputEvents = YES;
				INFOPLIST_KEY_UILaunchScreen_Generation = YES;
				INFOPLIST_KEY_UISupportedInterfaceOrientations_iPad = "UIInterfaceOrientationPortrait UIInterfaceOrientationPortraitUpsideDown UIInterfaceOrientationLandscapeLeft UIInterfaceOrientationLandscapeRight";
				INFOPLIST_KEY_UISupportedInterfaceOrientations_iPhone = "UIInterfaceOrientationPortrait UIInterfaceOrientationLandscapeLeft UIInterfaceOrientationLandscapeRight";
				LD_RUNPATH_SEARCH_PATHS = (
					"$(inherited)",
					"@executable_path/Frameworks",
				);
				MARKETING_VERSION = 1.0;
				PRODUCT_BUNDLE_IDENTIFIER = "dev.shun-k.App-Clip-WebSocket-Test";
				PRODUCT_NAME = "$(TARGET_NAME)";
				SWIFT_EMIT_LOC_STRINGS = YES;
				SWIFT_VERSION = 5.0;
				TARGETED_DEVICE_FAMILY = "1,2";
			};
			name = Debug;
		};
		24B555B9285A2CC1004690F5 /* Release */ = {
			isa = XCBuildConfiguration;
			buildSettings = {
				ALWAYS_EMBED_SWIFT_STANDARD_LIBRARIES = YES;
				ASSETCATALOG_COMPILER_APPICON_NAME = AppIcon;
				ASSETCATALOG_COMPILER_GLOBAL_ACCENT_COLOR_NAME = AccentColor;
				CODE_SIGN_STYLE = Automatic;
				CURRENT_PROJECT_VERSION = 1;
				DEVELOPMENT_ASSET_PATHS = "\"App-Clip-WebSocket-Test/Preview Content\"";
				DEVELOPMENT_TEAM = TKVMG44U5W;
				ENABLE_PREVIEWS = YES;
				GENERATE_INFOPLIST_FILE = YES;
				INFOPLIST_KEY_UIApplicationSceneManifest_Generation = YES;
				INFOPLIST_KEY_UIApplicationSupportsIndirectInputEvents = YES;
				INFOPLIST_KEY_UILaunchScreen_Generation = YES;
				INFOPLIST_KEY_UISupportedInterfaceOrientations_iPad = "UIInterfaceOrientationPortrait UIInterfaceOrientationPortraitUpsideDown UIInterfaceOrientationLandscapeLeft UIInterfaceOrientationLandscapeRight";
				INFOPLIST_KEY_UISupportedInterfaceOrientations_iPhone = "UIInterfaceOrientationPortrait UIInterfaceOrientationLandscapeLeft UIInterfaceOrientationLandscapeRight";
				LD_RUNPATH_SEARCH_PATHS = (
					"$(inherited)",
					"@executable_path/Frameworks",
				);
				MARKETING_VERSION = 1.0;
				PRODUCT_BUNDLE_IDENTIFIER = "dev.shun-k.App-Clip-WebSocket-Test";
				PRODUCT_NAME = "$(TARGET_NAME)";
				SWIFT_EMIT_LOC_STRINGS = YES;
				SWIFT_VERSION = 5.0;
				TARGETED_DEVICE_FAMILY = "1,2";
			};
			name = Release;
		};
		24B555CF285A3346004690F5 /* Debug */ = {
			isa = XCBuildConfiguration;
			buildSettings = {
				ASSETCATALOG_COMPILER_APPICON_NAME = AppIcon;
				ASSETCATALOG_COMPILER_GLOBAL_ACCENT_COLOR_NAME = AccentColor;
				CODE_SIGN_ENTITLEMENTS = "WebSocket Test Clip/WebSocket_Test_Clip.entitlements";
				CODE_SIGN_STYLE = Automatic;
				CURRENT_PROJECT_VERSION = 1;
				DEVELOPMENT_ASSET_PATHS = "\"WebSocket Test Clip/Preview Content\"";
				DEVELOPMENT_TEAM = TKVMG44U5W;
				ENABLE_PREVIEWS = YES;
				GENERATE_INFOPLIST_FILE = YES;
				INFOPLIST_FILE = "WebSocket Test Clip/Info.plist";
				INFOPLIST_KEY_CFBundleDisplayName = "App-Clip-WebSocket-Test";
				INFOPLIST_KEY_UIApplicationSceneManifest_Generation = YES;
				INFOPLIST_KEY_UIApplicationSupportsIndirectInputEvents = YES;
				INFOPLIST_KEY_UILaunchScreen_Generation = YES;
				INFOPLIST_KEY_UISupportedInterfaceOrientations_iPad = "UIInterfaceOrientationPortrait UIInterfaceOrientationPortraitUpsideDown UIInterfaceOrientationLandscapeLeft UIInterfaceOrientationLandscapeRight";
				INFOPLIST_KEY_UISupportedInterfaceOrientations_iPhone = "UIInterfaceOrientationPortrait UIInterfaceOrientationLandscapeLeft UIInterfaceOrientationLandscapeRight";
				LD_RUNPATH_SEARCH_PATHS = (
					"$(inherited)",
					"@executable_path/Frameworks",
				);
				MARKETING_VERSION = 1.0;
				PRODUCT_BUNDLE_IDENTIFIER = "dev.shun-k.App-Clip-WebSocket-Test.Clip";
				PRODUCT_NAME = "$(TARGET_NAME)";
				SWIFT_EMIT_LOC_STRINGS = YES;
				SWIFT_VERSION = 5.0;
				TARGETED_DEVICE_FAMILY = "1,2";
			};
			name = Debug;
		};
		24B555D0285A3346004690F5 /* Release */ = {
			isa = XCBuildConfiguration;
			buildSettings = {
				ASSETCATALOG_COMPILER_APPICON_NAME = AppIcon;
				ASSETCATALOG_COMPILER_GLOBAL_ACCENT_COLOR_NAME = AccentColor;
				CODE_SIGN_ENTITLEMENTS = "WebSocket Test Clip/WebSocket_Test_Clip.entitlements";
				CODE_SIGN_STYLE = Automatic;
				CURRENT_PROJECT_VERSION = 1;
				DEVELOPMENT_ASSET_PATHS = "\"WebSocket Test Clip/Preview Content\"";
				DEVELOPMENT_TEAM = TKVMG44U5W;
				ENABLE_PREVIEWS = YES;
				GENERATE_INFOPLIST_FILE = YES;
				INFOPLIST_FILE = "WebSocket Test Clip/Info.plist";
				INFOPLIST_KEY_CFBundleDisplayName = "App-Clip-WebSocket-Test";
				INFOPLIST_KEY_UIApplicationSceneManifest_Generation = YES;
				INFOPLIST_KEY_UIApplicationSupportsIndirectInputEvents = YES;
				INFOPLIST_KEY_UILaunchScreen_Generation = YES;
				INFOPLIST_KEY_UISupportedInterfaceOrientations_iPad = "UIInterfaceOrientationPortrait UIInterfaceOrientationPortraitUpsideDown UIInterfaceOrientationLandscapeLeft UIInterfaceOrientationLandscapeRight";
				INFOPLIST_KEY_UISupportedInterfaceOrientations_iPhone = "UIInterfaceOrientationPortrait UIInterfaceOrientationLandscapeLeft UIInterfaceOrientationLandscapeRight";
				LD_RUNPATH_SEARCH_PATHS = (
					"$(inherited)",
					"@executable_path/Frameworks",
				);
				MARKETING_VERSION = 1.0;
				PRODUCT_BUNDLE_IDENTIFIER = "dev.shun-k.App-Clip-WebSocket-Test.Clip";
				PRODUCT_NAME = "$(TARGET_NAME)";
				SWIFT_EMIT_LOC_STRINGS = YES;
				SWIFT_VERSION = 5.0;
				TARGETED_DEVICE_FAMILY = "1,2";
			};
			name = Release;
		};
/* End XCBuildConfiguration section */

/* Begin XCConfigurationList section */
		24B555A4285A2CBE004690F5 /* Build configuration list for PBXProject "App-Clip-WebSocket-Test" */ = {
			isa = XCConfigurationList;
			buildConfigurations = (
				24B555B5285A2CC1004690F5 /* Debug */,
				24B555B6285A2CC1004690F5 /* Release */,
			);
			defaultConfigurationIsVisible = 0;
			defaultConfigurationName = Release;
		};
		24B555B7285A2CC1004690F5 /* Build configuration list for PBXNativeTarget "App-Clip-WebSocket-Test" */ = {
			isa = XCConfigurationList;
			buildConfigurations = (
				24B555B8285A2CC1004690F5 /* Debug */,
				24B555B9285A2CC1004690F5 /* Release */,
			);
			defaultConfigurationIsVisible = 0;
			defaultConfigurationName = Release;
		};
		24B555CE285A3346004690F5 /* Build configuration list for PBXNativeTarget "WebSocket Test Clip" */ = {
			isa = XCConfigurationList;
			buildConfigurations = (
				24B555CF285A3346004690F5 /* Debug */,
				24B555D0285A3346004690F5 /* Release */,
			);
			defaultConfigurationIsVisible = 0;
			defaultConfigurationName = Release;
		};
/* End XCConfigurationList section */
	};
	rootObject = 24B555A1285A2CBE004690F5 /* Project object */;
}
